PODS:
  - Fakery (4.1.1)
  - Kingfisher (5.15.7):
    - Kingfisher/Core (= 5.15.7)
  - Kingfisher/Core (5.15.7)
  - RxCocoa (6.0.0-rc.1):
    - RxRelay (= 6.0.0-rc.1)
    - RxSwift (= 6.0.0-rc.1)
  - RxKingfisher (1.0.0):
    - Kingfisher (~> 5)
    - RxCocoa
    - RxSwift
  - RxRelay (6.0.0-rc.1):
    - RxSwift (= 6.0.0-rc.1)
  - RxSwift (6.0.0-rc.1)

DEPENDENCIES:
  - Fakery
  - RxCocoa (>= 6.0.0-rc.1)
  - RxKingfisher (from `../`)

SPEC REPOS:
  https://github.com/CocoaPods/Specs.git:
    - Fakery
    - Kingfisher
    - RxCocoa
    - RxRelay
    - RxSwift

EXTERNAL SOURCES:
  RxKingfisher:
    :path: "../"

SPEC CHECKSUMS:
  Fakery: d3380c4aa1efe7631c0831d7e26aa9db4491f014
  Kingfisher: 6e1a13523fcb1c86924ce53affe4ac957e544d59
  RxCocoa: a28d75145c07b7547b85faf1e1ad8b25af88a752
  RxKingfisher: 528d3995710d0520b58d4aaa6aea2ed82c46935b
  RxRelay: 56abad6d32f73567858506d08735fdb341935b9a
  RxSwift: dae1a32c48148897494b9e2a6b00a68b40694236

PODFILE CHECKSUM: 6c103dffc98709035256de05046cc6a17b56a631

COCOAPODS: 1.10.0
